// !$*UTF8*$!
{
	archiveVersion = 1;
	classes = {
	};
	objectVersion = 46;
	objects = {

/* Begin PBXBuildFile section */
		C1651FC91EAED00F00423685 /* InstantPuddingWrapper.m in Sources */ = {isa = PBXBuildFile; fileRef = C1651FC81EAED00F00423685 /* InstantPuddingWrapper.m */; };
		C1651FCE1EAEE42000423685 /* libCBAuth.dylib in Frameworks */ = {isa = PBXBuildFile; fileRef = C1651FCB1EAEE42000423685 /* libCBAuth.dylib */; };
		C1651FCF1EAEE42000423685 /* libInstantPudding.dylib in Frameworks */ = {isa = PBXBuildFile; fileRef = C1651FCC1EAEE42000423685 /* libInstantPudding.dylib */; };
		C1651FD01EAEE42000423685 /* libIPSFCPost.dylib in Frameworks */ = {isa = PBXBuildFile; fileRef = C1651FCD1EAEE42000423685 /* libIPSFCPost.dylib */; };
		C17FD7401EA5FC640007312C /* AppDelegate.m in Sources */ = {isa = PBXBuildFile; fileRef = C17FD73F1EA5FC640007312C /* AppDelegate.m */; };
		C17FD7431EA5FC640007312C /* main.m in Sources */ = {isa = PBXBuildFile; fileRef = C17FD7421EA5FC640007312C /* main.m */; };
		C17FD7461EA5FC640007312C /* ViewController.m in Sources */ = {isa = PBXBuildFile; fileRef = C17FD7451EA5FC640007312C /* ViewController.m */; };
		C17FD7481EA5FC640007312C /* Assets.xcassets in Resources */ = {isa = PBXBuildFile; fileRef = C17FD7471EA5FC640007312C /* Assets.xcassets */; };
		C17FD74B1EA5FC640007312C /* Main.storyboard in Resources */ = {isa = PBXBuildFile; fileRef = C17FD7491EA5FC640007312C /* Main.storyboard */; };
		C17FD7541EA5FC8F0007312C /* Log.m in Sources */ = {isa = PBXBuildFile; fileRef = C17FD7531EA5FC8F0007312C /* Log.m */; };
		C17FD7561EA623DC0007312C /* config.plist in Resources */ = {isa = PBXBuildFile; fileRef = C17FD7551EA623DB0007312C /* config.plist */; };
/* End PBXBuildFile section */

/* Begin PBXFileReference section */
		C1651FC61EAED00F00423685 /* InstantPudding_API.h */ = {isa = PBXFileReference; fileEncoding = 4; lastKnownFileType = sourcecode.c.h; path = InstantPudding_API.h; sourceTree = "<group>"; };
		C1651FC71EAED00F00423685 /* InstantPuddingWrapper.h */ = {isa = PBXFileReference; fileEncoding = 4; lastKnownFileType = sourcecode.c.h; path = InstantPuddingWrapper.h; sourceTree = "<group>"; };
		C1651FC81EAED00F00423685 /* InstantPuddingWrapper.m */ = {isa = PBXFileReference; fileEncoding = 4; lastKnownFileType = sourcecode.c.objc; path = InstantPuddingWrapper.m; sourceTree = "<group>"; };
		C1651FCB1EAEE42000423685 /* libCBAuth.dylib */ = {isa = PBXFileReference; lastKnownFileType = "compiled.mach-o.dylib"; name = libCBAuth.dylib; path = ../../usr/local/lib/libCBAuth.dylib; sourceTree = "<group>"; };
		C1651FCC1EAEE42000423685 /* libInstantPudding.dylib */ = {isa = PBXFileReference; lastKnownFileType = "compiled.mach-o.dylib"; name = libInstantPudding.dylib; path = ../../usr/local/lib/libInstantPudding.dylib; sourceTree = "<group>"; };
		C1651FCD1EAEE42000423685 /* libIPSFCPost.dylib */ = {isa = PBXFileReference; lastKnownFileType = "compiled.mach-o.dylib"; name = libIPSFCPost.dylib; path = ../../usr/local/lib/libIPSFCPost.dylib; sourceTree = "<group>"; };
		C17FD73B1EA5FC640007312C /* FPUP.app */ = {isa = PBXFileReference; explicitFileType = wrapper.application; includeInIndex = 0; path = FPUP.app; sourceTree = BUILT_PRODUCTS_DIR; };
		C17FD73E1EA5FC640007312C /* AppDelegate.h */ = {isa = PBXFileReference; lastKnownFileType = sourcecode.c.h; path = AppDelegate.h; sourceTree = "<group>"; };
		C17FD73F1EA5FC640007312C /* AppDelegate.m */ = {isa = PBXFileReference; lastKnownFileType = sourcecode.c.objc; path = AppDelegate.m; sourceTree = "<group>"; };
		C17FD7421EA5FC640007312C /* main.m */ = {isa = PBXFileReference; lastKnownFileType = sourcecode.c.objc; path = main.m; sourceTree = "<group>"; };
		C17FD7441EA5FC640007312C /* ViewController.h */ = {isa = PBXFileReference; lastKnownFileType = sourcecode.c.h; path = ViewController.h; sourceTree = "<group>"; };
		C17FD7451EA5FC640007312C /* ViewController.m */ = {isa = PBXFileReference; lastKnownFileType = sourcecode.c.objc; path = ViewController.m; sourceTree = "<group>"; };
		C17FD7471EA5FC640007312C /* Assets.xcassets */ = {isa = PBXFileReference; lastKnownFileType = folder.assetcatalog; path = Assets.xcassets; sourceTree = "<group>"; };
		C17FD74A1EA5FC640007312C /* Base */ = {isa = PBXFileReference; lastKnownFileType = file.storyboard; name = Base; path = Base.lproj/Main.storyboard; sourceTree = "<group>"; };
		C17FD74C1EA5FC640007312C /* Info.plist */ = {isa = PBXFileReference; lastKnownFileType = text.plist.xml; path = Info.plist; sourceTree = "<group>"; };
		C17FD7521EA5FC8F0007312C /* Log.h */ = {isa = PBXFileReference; fileEncoding = 4; lastKnownFileType = sourcecode.c.h; path = Log.h; sourceTree = "<group>"; };
		C17FD7531EA5FC8F0007312C /* Log.m */ = {isa = PBXFileReference; fileEncoding = 4; lastKnownFileType = sourcecode.c.objc; path = Log.m; sourceTree = "<group>"; };
		C17FD7551EA623DB0007312C /* config.plist */ = {isa = PBXFileReference; fileEncoding = 4; lastKnownFileType = text.plist.xml; path = config.plist; sourceTree = "<group>"; };
/* End PBXFileReference section */

/* Begin PBXFrameworksBuildPhase section */
		C17FD7381EA5FC640007312C /* Frameworks */ = {
			isa = PBXFrameworksBuildPhase;
			buildActionMask = 2147483647;
			files = (
				C1651FCE1EAEE42000423685 /* libCBAuth.dylib in Frameworks */,
				C1651FCF1EAEE42000423685 /* libInstantPudding.dylib in Frameworks */,
				C1651FD01EAEE42000423685 /* libIPSFCPost.dylib in Frameworks */,
			);
			runOnlyForDeploymentPostprocessing = 0;
		};
/* End PBXFrameworksBuildPhase section */

/* Begin PBXGroup section */
		C1651FCA1EAEE41F00423685 /* Frameworks */ = {
			isa = PBXGroup;
			children = (
				C1651FCB1EAEE42000423685 /* libCBAuth.dylib */,
				C1651FCC1EAEE42000423685 /* libInstantPudding.dylib */,
				C1651FCD1EAEE42000423685 /* libIPSFCPost.dylib */,
			);
			name = Frameworks;
			sourceTree = "<group>";
		};
		C17FD7321EA5FC640007312C = {
			isa = PBXGroup;
			children = (
				C17FD73D1EA5FC640007312C /* FPUP */,
				C17FD73C1EA5FC640007312C /* Products */,
				C1651FCA1EAEE41F00423685 /* Frameworks */,
			);
			sourceTree = "<group>";
		};
		C17FD73C1EA5FC640007312C /* Products */ = {
			isa = PBXGroup;
			children = (
				C17FD73B1EA5FC640007312C /* FPUP.app */,
			);
			name = Products;
			sourceTree = "<group>";
		};
		C17FD73D1EA5FC640007312C /* FPUP */ = {
			isa = PBXGroup;
			children = (
				C1651FC61EAED00F00423685 /* InstantPudding_API.h */,
				C1651FC71EAED00F00423685 /* InstantPuddingWrapper.h */,
				C1651FC81EAED00F00423685 /* InstantPuddingWrapper.m */,
				C17FD73E1EA5FC640007312C /* AppDelegate.h */,
				C17FD73F1EA5FC640007312C /* AppDelegate.m */,
				C17FD7521EA5FC8F0007312C /* Log.h */,
				C17FD7531EA5FC8F0007312C /* Log.m */,
				C17FD7441EA5FC640007312C /* ViewController.h */,
				C17FD7451EA5FC640007312C /* ViewController.m */,
				C17FD7471EA5FC640007312C /* Assets.xcassets */,
				C17FD7491EA5FC640007312C /* Main.storyboard */,
				C17FD74C1EA5FC640007312C /* Info.plist */,
				C17FD7551EA623DB0007312C /* config.plist */,
				C17FD7411EA5FC640007312C /* Supporting Files */,
			);
			path = FPUP;
			sourceTree = "<group>";
		};
		C17FD7411EA5FC640007312C /* Supporting Files */ = {
			isa = PBXGroup;
			children = (
				C17FD7421EA5FC640007312C /* main.m */,
			);
			name = "Supporting Files";
			sourceTree = "<group>";
		};
/* End PBXGroup section */

/* Begin PBXNativeTarget section */
		C17FD73A1EA5FC640007312C /* FPUP */ = {
			isa = PBXNativeTarget;
			buildConfigurationList = C17FD74F1EA5FC640007312C /* Build configuration list for PBXNativeTarget "FPUP" */;
			buildPhases = (
				C17FD7371EA5FC640007312C /* Sources */,
				C17FD7381EA5FC640007312C /* Frameworks */,
				C17FD7391EA5FC640007312C /* Resources */,
			);
			buildRules = (
			);
			dependencies = (
			);
			name = FPUP;
			productName = FPUP;
			productReference = C17FD73B1EA5FC640007312C /* FPUP.app */;
			productType = "com.apple.product-type.application";
		};
/* End PBXNativeTarget section */

/* Begin PBXProject section */
		C17FD7331EA5FC640007312C /* Project object */ = {
			isa = PBXProject;
			attributes = {
				LastUpgradeCheck = 0820;
				ORGANIZATIONNAME = Allen_Du;
				TargetAttributes = {
					C17FD73A1EA5FC640007312C = {
						CreatedOnToolsVersion = 8.2.1;
						ProvisioningStyle = Automatic;
					};
				};
			};
			buildConfigurationList = C17FD7361EA5FC640007312C /* Build configuration list for PBXProject "FPUP" */;
			compatibilityVersion = "Xcode 3.2";
			developmentRegion = English;
			hasScannedForEncodings = 0;
			knownRegions = (
				en,
				Base,
			);
			mainGroup = C17FD7321EA5FC640007312C;
			productRefGroup = C17FD73C1EA5FC640007312C /* Products */;
			projectDirPath = "";
			projectRoot = "";
			targets = (
				C17FD73A1EA5FC640007312C /* FPUP */,
			);
		};
/* End PBXProject section */

/* Begin PBXResourcesBuildPhase section */
		C17FD7391EA5FC640007312C /* Resources */ = {
			isa = PBXResourcesBuildPhase;
			buildActionMask = 2147483647;
			files = (
				C17FD7481EA5FC640007312C /* Assets.xcassets in Resources */,
				C17FD74B1EA5FC640007312C /* Main.storyboard in Resources */,
				C17FD7561EA623DC0007312C /* config.plist in Resources */,
			);
			runOnlyForDeploymentPostprocessing = 0;
		};
/* End PBXResourcesBuildPhase section */

/* Begin PBXSourcesBuildPhase section */
		C17FD7371EA5FC640007312C /* Sources */ = {
			isa = PBXSourcesBuildPhase;
			buildActionMask = 2147483647;
			files = (
				C17FD7461EA5FC640007312C /* ViewController.m in Sources */,
				C17FD7431EA5FC640007312C /* main.m in Sources */,
				C17FD7541EA5FC8F0007312C /* Log.m in Sources */,
				C1651FC91EAED00F00423685 /* InstantPuddingWrapper.m in Sources */,
				C17FD7401EA5FC640007312C /* AppDelegate.m in Sources */,
			);
			runOnlyForDeploymentPostprocessing = 0;
		};
/* End PBXSourcesBuildPhase section */

/* Begin PBXVariantGroup section */
		C17FD7491EA5FC640007312C /* Main.storyboard */ = {
			isa = PBXVariantGroup;
			children = (
				C17FD74A1EA5FC640007312C /* Base */,
			);
			name = Main.storyboard;
			sourceTree = "<group>";
		};
/* End PBXVariantGroup section */

/* Begin XCBuildConfiguration section */
		C17FD74D1EA5FC640007312C /* Debug */ = {
			isa = XCBuildConfiguration;
			buildSettings = {
				ALWAYS_SEARCH_USER_PATHS = NO;
				CLANG_ANALYZER_NONNULL = YES;
				CLANG_CXX_LANGUAGE_STANDARD = "gnu++0x";
				CLANG_CXX_LIBRARY = "libc++";
				CLANG_ENABLE_MODULES = YES;
				CLANG_ENABLE_OBJC_ARC = YES;
				CLANG_WARN_BOOL_CONVERSION = YES;
				CLANG_WARN_CONSTANT_CONVERSION = YES;
				CLANG_WARN_DIRECT_OBJC_ISA_USAGE = YES_ERROR;
				CLANG_WARN_DOCUMENTATION_COMMENTS = YES;
				CLANG_WARN_EMPTY_BODY = YES;
				CLANG_WARN_ENUM_CONVERSION = YES;
				CLANG_WARN_INFINITE_RECURSION = YES;
				CLANG_WARN_INT_CONVERSION = YES;
				CLANG_WARN_OBJC_ROOT_CLASS = YES_ERROR;
				CLANG_WARN_SUSPICIOUS_MOVE = YES;
				CLANG_WARN_UNREACHABLE_CODE = YES;
				CLANG_WARN__DUPLICATE_METHOD_MATCH = YES;
				CODE_SIGN_IDENTITY = "-";
				COPY_PHASE_STRIP = NO;
				DEBUG_INFORMATION_FORMAT = dwarf;
				ENABLE_STRICT_OBJC_MSGSEND = YES;
				ENABLE_TESTABILITY = YES;
				FRAMEWORK_SEARCH_PATHS = /usr/local/lib;
				GCC_C_LANGUAGE_STANDARD = gnu99;
				GCC_DYNAMIC_NO_PIC = NO;
				GCC_NO_COMMON_BLOCKS = YES;
				GCC_OPTIMIZATION_LEVEL = 0;
				GCC_PREPROCESSOR_DEFINITIONS = (
					"DEBUG=1",
					"$(inherited)",
				);
				GCC_WARN_64_TO_32_BIT_CONVERSION = YES;
				GCC_WARN_ABOUT_RETURN_TYPE = YES_ERROR;
				GCC_WARN_UNDECLARED_SELECTOR = YES;
				GCC_WARN_UNINITIALIZED_AUTOS = YES_AGGRESSIVE;
				GCC_WARN_UNUSED_FUNCTION = YES;
				GCC_WARN_UNUSED_VARIABLE = YES;
				LIBRARY_SEARCH_PATHS = /usr/local/lib;
				MACOSX_DEPLOYMENT_TARGET = 10.10;
				MTL_ENABLE_DEBUG_INFO = YES;
				ONLY_ACTIVE_ARCH = YES;
				SDKROOT = macosx;
			};
			name = Debug;
		};
		C17FD74E1EA5FC640007312C /* Release */ = {
			isa = XCBuildConfiguration;
			buildSettings = {
				ALWAYS_SEARCH_USER_PATHS = NO;
				CLANG_ANALYZER_NONNULL = YES;
				CLANG_CXX_LANGUAGE_STANDARD = "gnu++0x";
				CLANG_CXX_LIBRARY = "libc++";
				CLANG_ENABLE_MODULES = YES;
				CLANG_ENABLE_OBJC_ARC = YES;
				CLANG_WARN_BOOL_CONVERSION = YES;
				CLANG_WARN_CONSTANT_CONVERSION = YES;
				CLANG_WARN_DIRECT_OBJC_ISA_USAGE = YES_ERROR;
				CLANG_WARN_DOCUMENTATION_COMMENTS = YES;
				CLANG_WARN_EMPTY_BODY = YES;
				CLANG_WARN_ENUM_CONVERSION = YES;
				CLANG_WARN_INFINITE_RECURSION = YES;
				CLANG_WARN_INT_CONVERSION = YES;
				CLANG_WARN_OBJC_ROOT_CLASS = YES_ERROR;
				CLANG_WARN_SUSPICIOUS_MOVE = YES;
				CLANG_WARN_UNREACHABLE_CODE = YES;
				CLANG_WARN__DUPLICATE_METHOD_MATCH = YES;
				CODE_SIGN_IDENTITY = "-";
				COPY_PHASE_STRIP = NO;
				DEBUG_INFORMATION_FORMAT = "dwarf-with-dsym";
				ENABLE_NS_ASSERTIONS = NO;
				ENABLE_STRICT_OBJC_MSGSEND = YES;
				FRAMEWORK_SEARCH_PATHS = /usr/local/lib;
				GCC_C_LANGUAGE_STANDARD = gnu99;
				GCC_NO_COMMON_BLOCKS = YES;
				GCC_WARN_64_TO_32_BIT_CONVERSION = YES;
				GCC_WARN_ABOUT_RETURN_TYPE = YES_ERROR;
				GCC_WARN_UNDECLARED_SELECTOR = YES;
				GCC_WARN_UNINITIALIZED_AUTOS = YES_AGGRESSIVE;
				GCC_WARN_UNUSED_FUNCTION = YES;
				GCC_WARN_UNUSED_VARIABLE = YES;
				LIBRARY_SEARCH_PATHS = /usr/local/lib;
				MACOSX_DEPLOYMENT_TARGET = 10.10;
				MTL_ENABLE_DEBUG_INFO = NO;
				SDKROOT = macosx;
			};
			name = Release;
		};
		C17FD7501EA5FC640007312C /* Debug */ = {
			isa = XCBuildConfiguration;
			buildSettings = {
				ALWAYS_SEARCH_USER_PATHS = NO;
				ASSETCATALOG_COMPILER_APPICON_NAME = AppIcon;
				COMBINE_HIDPI_IMAGES = YES;
				INFOPLIST_FILE = FPUP/Info.plist;
				LD_RUNPATH_SEARCH_PATHS = "$(inherited) @executable_path/../Frameworks";
				PRODUCT_BUNDLE_IDENTIFIER = "allen-du.com.FPUP";
				PRODUCT_NAME = "$(TARGET_NAME)";
			};
			name = Debug;
		};
		C17FD7511EA5FC640007312C /* Release */ = {
			isa = XCBuildConfiguration;
			buildSettings = {
				ALWAYS_SEARCH_USER_PATHS = NO;
				ASSETCATALOG_COMPILER_APPICON_NAME = AppIcon;
				COMBINE_HIDPI_IMAGES = YES;
				INFOPLIST_FILE = FPUP/Info.plist;
				LD_RUNPATH_SEARCH_PATHS = "$(inherited) @executable_path/../Frameworks";
				PRODUCT_BUNDLE_IDENTIFIER = "allen-du.com.FPUP";
				PRODUCT_NAME = "$(TARGET_NAME)";
			};
			name = Release;
		};
/* End XCBuildConfiguration section */

/* Begin XCConfigurationList section */
		C17FD7361EA5FC640007312C /* Build configuration list for PBXProject "FPUP" */ = {
			isa = XCConfigurationList;
			buildConfigurations = (
				C17FD74D1EA5FC640007312C /* Debug */,
				C17FD74E1EA5FC640007312C /* Release */,
			);
			defaultConfigurationIsVisible = 0;
			defaultConfigurationName = Release;
		};
		C17FD74F1EA5FC640007312C /* Build configuration list for PBXNativeTarget "FPUP" */ = {
			isa = XCConfigurationList;
			buildConfigurations = (
				C17FD7501EA5FC640007312C /* Debug */,
				C17FD7511EA5FC640007312C /* Release */,
			);
			defaultConfigurationIsVisible = 0;
			defaultConfigurationName = Release;
		};
/* End XCConfigurationList section */
	};
	rootObject = C17FD7331EA5FC640007312C /* Project object */;
}
